
Microsoft Visual Studio Solution File, Format Version 12.00
# Visual Studio Version 17
VisualStudioVersion = 17.10.34916.146
MinimumVisualStudioVersion = 10.0.40219.1
Project("{FAE04EC0-301F-11D3-BF4B-00C04F79EFBC}") = "ConsoleApp12", "ConsoleApp12\ConsoleApp12.csproj", "{C527B0F0-8D70-4034-BABF-D98BCE5CE79F}"
EndProject
Global
	GlobalSection(SolutionConfigurationPlatforms) = preSolution
		Debug|Any CPU = Debug|Any CPU
		Release|Any CPU = Release|Any CPU
	EndGlobalSection
	GlobalSection(ProjectConfigurationPlatforms) = postSolution
		{C527B0F0-8D70-4034-BABF-D98BCE5CE79F}.Debug|Any CPU.ActiveCfg = Debug|Any CPU
		{C527B0F0-8D70-4034-BABF-D98BCE5CE79F}.Debug|Any CPU.Build.0 = Debug|Any CPU
		{C527B0F0-8D70-4034-BABF-D98BCE5CE79F}.Release|Any CPU.ActiveCfg = Release|Any CPU
		{C527B0F0-8D70-4034-BABF-D98BCE5CE79F}.Release|Any CPU.Build.0 = Release|Any CPU
	EndGlobalSection
	GlobalSection(SolutionProperties) = preSolution
		HideSolutionNode = FALSE
	EndGlobalSection
	GlobalSection(ExtensibilityGlobals) = postSolution
		SolutionGuid = {EB1B3D36-9CCD-4ED3-A360-55C55826B6B2}
	EndGlobalSection
EndGlobal
